
Microsoft Visual Studio Solution File, Format Version 12.00
# Visual Studio Version 17
VisualStudioVersion = 17.10.34928.147
MinimumVisualStudioVersion = 10.0.40219.1
Project("{FAE04EC0-301F-11D3-BF4B-00C04F79EFBC}") = "ej01", "ej01\ej01.csproj", "{19E864FB-A89A-4A42-A63B-D6CF5164871C}"
EndProject
Project("{FAE04EC0-301F-11D3-BF4B-00C04F79EFBC}") = "ej02", "ej02\ej02.csproj", "{4945D90E-51BB-4D24-B345-5BCD02E984BF}"
EndProject
Project("{FAE04EC0-301F-11D3-BF4B-00C04F79EFBC}") = "ej03", "ej03\ej03.csproj", "{544202EF-5C45-4365-9AA6-0072339C8CD8}"
EndProject
Project("{FAE04EC0-301F-11D3-BF4B-00C04F79EFBC}") = "ej04", "ej04\ej04.csproj", "{7CF2B1BF-F5CA-4216-8F38-7D786841DF69}"
EndProject
Project("{FAE04EC0-301F-11D3-BF4B-00C04F79EFBC}") = "ej05", "ej05\ej05.csproj", "{200E3E60-0CBF-4051-BD30-D496A7A37E26}"
EndProject
Project("{FAE04EC0-301F-11D3-BF4B-00C04F79EFBC}") = "ej06", "ej06\ej06.csproj", "{62D2D53A-7766-4944-B1B4-C99AD579A190}"
EndProject
Project("{FAE04EC0-301F-11D3-BF4B-00C04F79EFBC}") = "ej07", "ej07\ej07.csproj", "{ADE4DE98-25F4-43EE-A9D9-511F4EE7E5EA}"
EndProject
Project("{FAE04EC0-301F-11D3-BF4B-00C04F79EFBC}") = "ej08", "ej08\ej08.csproj", "{9D4D4E7C-5064-4469-8957-BED7BF08A170}"
EndProject
Project("{FAE04EC0-301F-11D3-BF4B-00C04F79EFBC}") = "ej09", "ej09\ej09.csproj", "{97EB406C-ACF1-4B00-BC4E-445720709649}"
EndProject
Project("{FAE04EC0-301F-11D3-BF4B-00C04F79EFBC}") = "ej10", "ej10\ej10.csproj", "{E7CC0626-15DB-4B06-9899-AAC2293D35C4}"
EndProject
Project("{FAE04EC0-301F-11D3-BF4B-00C04F79EFBC}") = "ej11", "ej11\ej11.csproj", "{DF61EFDE-7026-4452-AC00-C13EC3174968}"
EndProject
Project("{FAE04EC0-301F-11D3-BF4B-00C04F79EFBC}") = "ej12", "ej12\ej12.csproj", "{92774291-88DF-45EA-BA0C-2A69B8731EA4}"
EndProject
Project("{FAE04EC0-301F-11D3-BF4B-00C04F79EFBC}") = "ej13", "ej13\ej13.csproj", "{0273E4C6-FE14-4A68-9BB1-2357FE481945}"
EndProject
Project("{FAE04EC0-301F-11D3-BF4B-00C04F79EFBC}") = "ej14", "ej14\ej14.csproj", "{1A411927-CA2F-402E-9EF8-0A57694C8344}"
EndProject
Project("{FAE04EC0-301F-11D3-BF4B-00C04F79EFBC}") = "ej15", "ej15\ej15.csproj", "{E0D72940-EAE7-46B0-A930-037F20AE7C2D}"
EndProject
Global
	GlobalSection(SolutionConfigurationPlatforms) = preSolution
		Debug|Any CPU = Debug|Any CPU
		Release|Any CPU = Release|Any CPU
	EndGlobalSection
	GlobalSection(ProjectConfigurationPlatforms) = postSolution
		{19E864FB-A89A-4A42-A63B-D6CF5164871C}.Debug|Any CPU.ActiveCfg = Debug|Any CPU
		{19E864FB-A89A-4A42-A63B-D6CF5164871C}.Debug|Any CPU.Build.0 = Debug|Any CPU
		{19E864FB-A89A-4A42-A63B-D6CF5164871C}.Release|Any CPU.ActiveCfg = Release|Any CPU
		{19E864FB-A89A-4A42-A63B-D6CF5164871C}.Release|Any CPU.Build.0 = Release|Any CPU
		{4945D90E-51BB-4D24-B345-5BCD02E984BF}.Debug|Any CPU.ActiveCfg = Debug|Any CPU
		{4945D90E-51BB-4D24-B345-5BCD02E984BF}.Debug|Any CPU.Build.0 = Debug|Any CPU
		{4945D90E-51BB-4D24-B345-5BCD02E984BF}.Release|Any CPU.ActiveCfg = Release|Any CPU
		{4945D90E-51BB-4D24-B345-5BCD02E984BF}.Release|Any CPU.Build.0 = Release|Any CPU
		{544202EF-5C45-4365-9AA6-0072339C8CD8}.Debug|Any CPU.ActiveCfg = Debug|Any CPU
		{544202EF-5C45-4365-9AA6-0072339C8CD8}.Debug|Any CPU.Build.0 = Debug|Any CPU
		{544202EF-5C45-4365-9AA6-0072339C8CD8}.Release|Any CPU.ActiveCfg = Release|Any CPU
		{544202EF-5C45-4365-9AA6-0072339C8CD8}.Release|Any CPU.Build.0 = Release|Any CPU
		{7CF2B1BF-F5CA-4216-8F38-7D786841DF69}.Debug|Any CPU.ActiveCfg = Debug|Any CPU
		{7CF2B1BF-F5CA-4216-8F38-7D786841DF69}.Debug|Any CPU.Build.0 = Debug|Any CPU
		{7CF2B1BF-F5CA-4216-8F38-7D786841DF69}.Release|Any CPU.ActiveCfg = Release|Any CPU
		{7CF2B1BF-F5CA-4216-8F38-7D786841DF69}.Release|Any CPU.Build.0 = Release|Any CPU
		{200E3E60-0CBF-4051-BD30-D496A7A37E26}.Debug|Any CPU.ActiveCfg = Debug|Any CPU
		{200E3E60-0CBF-4051-BD30-D496A7A37E26}.Debug|Any CPU.Build.0 = Debug|Any CPU
		{200E3E60-0CBF-4051-BD30-D496A7A37E26}.Release|Any CPU.ActiveCfg = Release|Any CPU
		{200E3E60-0CBF-4051-BD30-D496A7A37E26}.Release|Any CPU.Build.0 = Release|Any CPU
		{62D2D53A-7766-4944-B1B4-C99AD579A190}.Debug|Any CPU.ActiveCfg = Debug|Any CPU
		{62D2D53A-7766-4944-B1B4-C99AD579A190}.Debug|Any CPU.Build.0 = Debug|Any CPU
		{62D2D53A-7766-4944-B1B4-C99AD579A190}.Release|Any CPU.ActiveCfg = Release|Any CPU
		{62D2D53A-7766-4944-B1B4-C99AD579A190}.Release|Any CPU.Build.0 = Release|Any CPU
		{ADE4DE98-25F4-43EE-A9D9-511F4EE7E5EA}.Debug|Any CPU.ActiveCfg = Debug|Any CPU
		{ADE4DE98-25F4-43EE-A9D9-511F4EE7E5EA}.Debug|Any CPU.Build.0 = Debug|Any CPU
		{ADE4DE98-25F4-43EE-A9D9-511F4EE7E5EA}.Release|Any CPU.ActiveCfg = Release|Any CPU
		{ADE4DE98-25F4-43EE-A9D9-511F4EE7E5EA}.Release|Any CPU.Build.0 = Release|Any CPU
		{9D4D4E7C-5064-4469-8957-BED7BF08A170}.Debug|Any CPU.ActiveCfg = Debug|Any CPU
		{9D4D4E7C-5064-4469-8957-BED7BF08A170}.Debug|Any CPU.Build.0 = Debug|Any CPU
		{9D4D4E7C-5064-4469-8957-BED7BF08A170}.Release|Any CPU.ActiveCfg = Release|Any CPU
		{9D4D4E7C-5064-4469-8957-BED7BF08A170}.Release|Any CPU.Build.0 = Release|Any CPU
		{97EB406C-ACF1-4B00-BC4E-445720709649}.Debug|Any CPU.ActiveCfg = Debug|Any CPU
		{97EB406C-ACF1-4B00-BC4E-445720709649}.Debug|Any CPU.Build.0 = Debug|Any CPU
		{97EB406C-ACF1-4B00-BC4E-445720709649}.Release|Any CPU.ActiveCfg = Release|Any CPU
		{97EB406C-ACF1-4B00-BC4E-445720709649}.Release|Any CPU.Build.0 = Release|Any CPU
		{E7CC0626-15DB-4B06-9899-AAC2293D35C4}.Debug|Any CPU.ActiveCfg = Debug|Any CPU
		{E7CC0626-15DB-4B06-9899-AAC2293D35C4}.Debug|Any CPU.Build.0 = Debug|Any CPU
		{E7CC0626-15DB-4B06-9899-AAC2293D35C4}.Release|Any CPU.ActiveCfg = Release|Any CPU
		{E7CC0626-15DB-4B06-9899-AAC2293D35C4}.Release|Any CPU.Build.0 = Release|Any CPU
		{DF61EFDE-7026-4452-AC00-C13EC3174968}.Debug|Any CPU.ActiveCfg = Debug|Any CPU
		{DF61EFDE-7026-4452-AC00-C13EC3174968}.Debug|Any CPU.Build.0 = Debug|Any CPU
		{DF61EFDE-7026-4452-AC00-C13EC3174968}.Release|Any CPU.ActiveCfg = Release|Any CPU
		{DF61EFDE-7026-4452-AC00-C13EC3174968}.Release|Any CPU.Build.0 = Release|Any CPU
		{92774291-88DF-45EA-BA0C-2A69B8731EA4}.Debug|Any CPU.ActiveCfg = Debug|Any CPU
		{92774291-88DF-45EA-BA0C-2A69B8731EA4}.Debug|Any CPU.Build.0 = Debug|Any CPU
		{92774291-88DF-45EA-BA0C-2A69B8731EA4}.Release|Any CPU.ActiveCfg = Release|Any CPU
		{92774291-88DF-45EA-BA0C-2A69B8731EA4}.Release|Any CPU.Build.0 = Release|Any CPU
		{0273E4C6-FE14-4A68-9BB1-2357FE481945}.Debug|Any CPU.ActiveCfg = Debug|Any CPU
		{0273E4C6-FE14-4A68-9BB1-2357FE481945}.Debug|Any CPU.Build.0 = Debug|Any CPU
		{0273E4C6-FE14-4A68-9BB1-2357FE481945}.Release|Any CPU.ActiveCfg = Release|Any CPU
		{0273E4C6-FE14-4A68-9BB1-2357FE481945}.Release|Any CPU.Build.0 = Release|Any CPU
		{1A411927-CA2F-402E-9EF8-0A57694C8344}.Debug|Any CPU.ActiveCfg = Debug|Any CPU
		{1A411927-CA2F-402E-9EF8-0A57694C8344}.Debug|Any CPU.Build.0 = Debug|Any CPU
		{1A411927-CA2F-402E-9EF8-0A57694C8344}.Release|Any CPU.ActiveCfg = Release|Any CPU
		{1A411927-CA2F-402E-9EF8-0A57694C8344}.Release|Any CPU.Build.0 = Release|Any CPU
		{E0D72940-EAE7-46B0-A930-037F20AE7C2D}.Debug|Any CPU.ActiveCfg = Debug|Any CPU
		{E0D72940-EAE7-46B0-A930-037F20AE7C2D}.Debug|Any CPU.Build.0 = Debug|Any CPU
		{E0D72940-EAE7-46B0-A930-037F20AE7C2D}.Release|Any CPU.ActiveCfg = Release|Any CPU
		{E0D72940-EAE7-46B0-A930-037F20AE7C2D}.Release|Any CPU.Build.0 = Release|Any CPU
	EndGlobalSection
	GlobalSection(SolutionProperties) = preSolution
		HideSolutionNode = FALSE
	EndGlobalSection
	GlobalSection(ExtensibilityGlobals) = postSolution
		SolutionGuid = {604AE63C-C1A4-464A-97E8-686701CEA827}
	EndGlobalSection
EndGlobal
